
Microsoft Visual Studio Solution File, Format Version 12.00
# Visual Studio Version 16
VisualStudioVersion = 16.0.28729.10
MinimumVisualStudioVersion = 10.0.40219.1
Project("{FAE04EC0-301F-11D3-BF4B-00C04F79EFBC}") = "BackEnd", "BackEnd\BackEnd.csproj", "{45ED3B56-BFD9-403C-9D8A-954008AF751B}"
EndProject
Global
	GlobalSection(SolutionConfigurationPlatforms) = preSolution
		Debug|Any CPU = Debug|Any CPU
		Release|Any CPU = Release|Any CPU
	EndGlobalSection
	GlobalSection(ProjectConfigurationPlatforms) = postSolution
		{45ED3B56-BFD9-403C-9D8A-954008AF751B}.Debug|Any CPU.ActiveCfg = Debug|Any CPU
		{45ED3B56-BFD9-403C-9D8A-954008AF751B}.Debug|Any CPU.Build.0 = Debug|Any CPU
		{45ED3B56-BFD9-403C-9D8A-954008AF751B}.Release|Any CPU.ActiveCfg = Release|Any CPU
		{45ED3B56-BFD9-403C-9D8A-954008AF751B}.Release|Any CPU.Build.0 = Release|Any CPU
	EndGlobalSection
	GlobalSection(SolutionProperties) = preSolution
		HideSolutionNode = FALSE
	EndGlobalSection
	GlobalSection(ExtensibilityGlobals) = postSolution
		SolutionGuid = {83AD35B0-3EF8-4D1B-B0AB-581286540D09}
	EndGlobalSection
EndGlobal
